
Microsoft Visual Studio Solution File, Format Version 12.00
# Visual Studio Version 17
VisualStudioVersion = 17.0.31912.275
MinimumVisualStudioVersion = 10.0.40219.1
Project("{FAE04EC0-301F-11D3-BF4B-00C04F79EFBC}") = "HelloWorld20211203", "HelloWorld20211203\HelloWorld20211203.csproj", "{FA6B1148-9F29-4F36-B28A-44611A97487E}"
EndProject
Global
	GlobalSection(SolutionConfigurationPlatforms) = preSolution
		Debug|Any CPU = Debug|Any CPU
		Release|Any CPU = Release|Any CPU
	EndGlobalSection
	GlobalSection(ProjectConfigurationPlatforms) = postSolution
		{FA6B1148-9F29-4F36-B28A-44611A97487E}.Debug|Any CPU.ActiveCfg = Debug|Any CPU
		{FA6B1148-9F29-4F36-B28A-44611A97487E}.Debug|Any CPU.Build.0 = Debug|Any CPU
		{FA6B1148-9F29-4F36-B28A-44611A97487E}.Release|Any CPU.ActiveCfg = Release|Any CPU
		{FA6B1148-9F29-4F36-B28A-44611A97487E}.Release|Any CPU.Build.0 = Release|Any CPU
	EndGlobalSection
	GlobalSection(SolutionProperties) = preSolution
		HideSolutionNode = FALSE
	EndGlobalSection
	GlobalSection(ExtensibilityGlobals) = postSolution
		SolutionGuid = {FABFE92F-7F0D-4A41-9697-0C1805D746AB}
	EndGlobalSection
EndGlobal
